# This file is automatically @generated by Cargo.
# It is not intended for manual editing.
[[package]]
name = "demo"
version = "0.1.0"

[[package]]
name = "demo-generics"
version = "0.1.0"

[[package]]
name = "demo-match"
version = "0.1.0"

[[package]]
name = "demo-strings"
version = "0.1.0"

[[package]]
name = "demo-structs"
version = "0.1.0"

[[package]]
name = "exercise"
version = "0.1.0"

[[package]]
name = "exercise-generics"
version = "0.1.0"

[[package]]
name = "exercise-match"
version = "0.1.0"

[[package]]
name = "exercise-structs"
version = "0.1.0"

[[package]]
name = "solution"
version = "0.1.0"

[[package]]
name = "solution-generics"
version = "0.1.0"

[[package]]
name = "solution-match"
version = "0.1.0"

[[package]]
name = "solution-structs"
version = "0.1.0"

[[package]]
name = "solution2"
version = "0.1.0"

